
Microsoft Visual Studio Solution File, Format Version 12.00
# Visual Studio 2012
Project("{FAE04EC0-301F-11D3-BF4B-00C04F79EFBC}") = "Process Columns", "Process-Columns\Process-Columns.csproj", "{D44139A0-9A37-4719-9944-CA39C3611CF9}"
EndProject
Project("{FAE04EC0-301F-11D3-BF4B-00C04F79EFBC}") = "Split Skus", "Split-Skus\Split-Skus.csproj", "{011D4A90-1A6F-4918-A7BF-93E6D175FF3B}"
EndProject
Global
	GlobalSection(SolutionConfigurationPlatforms) = preSolution
		Debug|Any CPU = Debug|Any CPU
		Release|Any CPU = Release|Any CPU
	EndGlobalSection
	GlobalSection(ProjectConfigurationPlatforms) = postSolution
		{D44139A0-9A37-4719-9944-CA39C3611CF9}.Debug|Any CPU.ActiveCfg = Debug|Any CPU
		{D44139A0-9A37-4719-9944-CA39C3611CF9}.Debug|Any CPU.Build.0 = Debug|Any CPU
		{D44139A0-9A37-4719-9944-CA39C3611CF9}.Release|Any CPU.ActiveCfg = Release|Any CPU
		{D44139A0-9A37-4719-9944-CA39C3611CF9}.Release|Any CPU.Build.0 = Release|Any CPU
		{011D4A90-1A6F-4918-A7BF-93E6D175FF3B}.Debug|Any CPU.ActiveCfg = Debug|Any CPU
		{011D4A90-1A6F-4918-A7BF-93E6D175FF3B}.Debug|Any CPU.Build.0 = Debug|Any CPU
		{011D4A90-1A6F-4918-A7BF-93E6D175FF3B}.Release|Any CPU.ActiveCfg = Release|Any CPU
		{011D4A90-1A6F-4918-A7BF-93E6D175FF3B}.Release|Any CPU.Build.0 = Release|Any CPU
	EndGlobalSection
	GlobalSection(SolutionProperties) = preSolution
		HideSolutionNode = FALSE
	EndGlobalSection
EndGlobal
